// !$*UTF8*$!
{
	archiveVersion = 1;
	classes = {
	};
	objectVersion = 50;
	objects = {

/* Begin PBXBuildFile section */
		6423B4C62533D56100B9EC0D /* MVVMSwiftUIApp.swift in Sources */ = {isa = PBXBuildFile; fileRef = 6423B4C52533D56100B9EC0D /* MVVMSwiftUIApp.swift */; };
		6423B4C82533D56100B9EC0D /* ContentView.swift in Sources */ = {isa = PBXBuildFile; fileRef = 6423B4C72533D56100B9EC0D /* ContentView.swift */; };
		6423B4CA2533D56500B9EC0D /* Assets.xcassets in Resources */ = {isa = PBXBuildFile; fileRef = 6423B4C92533D56500B9EC0D /* Assets.xcassets */; };
		6423B4CD2533D56500B9EC0D /* Preview Assets.xcassets in Resources */ = {isa = PBXBuildFile; fileRef = 6423B4CC2533D56500B9EC0D /* Preview Assets.xcassets */; };
		6423B4D62533D65300B9EC0D /* Person.swift in Sources */ = {isa = PBXBuildFile; fileRef = 6423B4D52533D65300B9EC0D /* Person.swift */; };
		6423B4D92533D67800B9EC0D /* PersonViewModel.swift in Sources */ = {isa = PBXBuildFile; fileRef = 6423B4D82533D67800B9EC0D /* PersonViewModel.swift */; };
		6423B4DC2533D6F900B9EC0D /* PersonView.swift in Sources */ = {isa = PBXBuildFile; fileRef = 6423B4DB2533D6F900B9EC0D /* PersonView.swift */; };
		6423B4DF2533DC1E00B9EC0D /* README.md in Resources */ = {isa = PBXBuildFile; fileRef = 6423B4DE2533DC1E00B9EC0D /* README.md */; };
/* End PBXBuildFile section */

/* Begin PBXFileReference section */
		6423B4C22533D56100B9EC0D /* MVVMSwiftUI.app */ = {isa = PBXFileReference; explicitFileType = wrapper.application; includeInIndex = 0; path = MVVMSwiftUI.app; sourceTree = BUILT_PRODUCTS_DIR; };
		6423B4C52533D56100B9EC0D /* MVVMSwiftUIApp.swift */ = {isa = PBXFileReference; lastKnownFileType = sourcecode.swift; path = MVVMSwiftUIApp.swift; sourceTree = "<group>"; };
		6423B4C72533D56100B9EC0D /* ContentView.swift */ = {isa = PBXFileReference; lastKnownFileType = sourcecode.swift; path = ContentView.swift; sourceTree = "<group>"; };
		6423B4C92533D56500B9EC0D /* Assets.xcassets */ = {isa = PBXFileReference; lastKnownFileType = folder.assetcatalog; path = Assets.xcassets; sourceTree = "<group>"; };
		6423B4CC2533D56500B9EC0D /* Preview Assets.xcassets */ = {isa = PBXFileReference; lastKnownFileType = folder.assetcatalog; path = "Preview Assets.xcassets"; sourceTree = "<group>"; };
		6423B4CE2533D56500B9EC0D /* Info.plist */ = {isa = PBXFileReference; lastKnownFileType = text.plist.xml; path = Info.plist; sourceTree = "<group>"; };
		6423B4D52533D65300B9EC0D /* Person.swift */ = {isa = PBXFileReference; lastKnownFileType = sourcecode.swift; path = Person.swift; sourceTree = "<group>"; };
		6423B4D82533D67800B9EC0D /* PersonViewModel.swift */ = {isa = PBXFileReference; lastKnownFileType = sourcecode.swift; path = PersonViewModel.swift; sourceTree = "<group>"; };
		6423B4DB2533D6F900B9EC0D /* PersonView.swift */ = {isa = PBXFileReference; lastKnownFileType = sourcecode.swift; path = PersonView.swift; sourceTree = "<group>"; };
		6423B4DE2533DC1E00B9EC0D /* README.md */ = {isa = PBXFileReference; lastKnownFileType = net.daringfireball.markdown; path = README.md; sourceTree = "<group>"; };
/* End PBXFileReference section */

/* Begin PBXFrameworksBuildPhase section */
		6423B4BF2533D56100B9EC0D /* Frameworks */ = {
			isa = PBXFrameworksBuildPhase;
			buildActionMask = 2147483647;
			files = (
			);
			runOnlyForDeploymentPostprocessing = 0;
		};
/* End PBXFrameworksBuildPhase section */

/* Begin PBXGroup section */
		6423B4B92533D56100B9EC0D = {
			isa = PBXGroup;
			children = (
				6423B4DE2533DC1E00B9EC0D /* README.md */,
				6423B4C42533D56100B9EC0D /* MVVMSwiftUI */,
				6423B4C32533D56100B9EC0D /* Products */,
			);
			sourceTree = "<group>";
		};
		6423B4C32533D56100B9EC0D /* Products */ = {
			isa = PBXGroup;
			children = (
				6423B4C22533D56100B9EC0D /* MVVMSwiftUI.app */,
			);
			name = Products;
			sourceTree = "<group>";
		};
		6423B4C42533D56100B9EC0D /* MVVMSwiftUI */ = {
			isa = PBXGroup;
			children = (
				6423B4C52533D56100B9EC0D /* MVVMSwiftUIApp.swift */,
				6423B4C72533D56100B9EC0D /* ContentView.swift */,
				6423B4C92533D56500B9EC0D /* Assets.xcassets */,
				6423B4CE2533D56500B9EC0D /* Info.plist */,
				6423B4CB2533D56500B9EC0D /* Preview Content */,
				6423B4D52533D65300B9EC0D /* Person.swift */,
				6423B4D82533D67800B9EC0D /* PersonViewModel.swift */,
				6423B4DB2533D6F900B9EC0D /* PersonView.swift */,
			);
			path = MVVMSwiftUI;
			sourceTree = "<group>";
		};
		6423B4CB2533D56500B9EC0D /* Preview Content */ = {
			isa = PBXGroup;
			children = (
				6423B4CC2533D56500B9EC0D /* Preview Assets.xcassets */,
			);
			path = "Preview Content";
			sourceTree = "<group>";
		};
/* End PBXGroup section */

/* Begin PBXNativeTarget section */
		6423B4C12533D56100B9EC0D /* MVVMSwiftUI */ = {
			isa = PBXNativeTarget;
			buildConfigurationList = 6423B4D12533D56500B9EC0D /* Build configuration list for PBXNativeTarget "MVVMSwiftUI" */;
			buildPhases = (
				6423B4BE2533D56100B9EC0D /* Sources */,
				6423B4BF2533D56100B9EC0D /* Frameworks */,
				6423B4C02533D56100B9EC0D /* Resources */,
			);
			buildRules = (
			);
			dependencies = (
			);
			name = MVVMSwiftUI;
			productName = MVVMSwiftUI;
			productReference = 6423B4C22533D56100B9EC0D /* MVVMSwiftUI.app */;
			productType = "com.apple.product-type.application";
		};
/* End PBXNativeTarget section */

/* Begin PBXProject section */
		6423B4BA2533D56100B9EC0D /* Project object */ = {
			isa = PBXProject;
			attributes = {
				LastSwiftUpdateCheck = 1200;
				LastUpgradeCheck = 1200;
				TargetAttributes = {
					6423B4C12533D56100B9EC0D = {
						CreatedOnToolsVersion = 12.0.1;
					};
				};
			};
			buildConfigurationList = 6423B4BD2533D56100B9EC0D /* Build configuration list for PBXProject "MVVMSwiftUI" */;
			compatibilityVersion = "Xcode 9.3";
			developmentRegion = en;
			hasScannedForEncodings = 0;
			knownRegions = (
				en,
				Base,
			);
			mainGroup = 6423B4B92533D56100B9EC0D;
			productRefGroup = 6423B4C32533D56100B9EC0D /* Products */;
			projectDirPath = "";
			projectRoot = "";
			targets = (
				6423B4C12533D56100B9EC0D /* MVVMSwiftUI */,
			);
		};
/* End PBXProject section */

/* Begin PBXResourcesBuildPhase section */
		6423B4C02533D56100B9EC0D /* Resources */ = {
			isa = PBXResourcesBuildPhase;
			buildActionMask = 2147483647;
			files = (
				6423B4DF2533DC1E00B9EC0D /* README.md in Resources */,
				6423B4CD2533D56500B9EC0D /* Preview Assets.xcassets in Resources */,
				6423B4CA2533D56500B9EC0D /* Assets.xcassets in Resources */,
			);
			runOnlyForDeploymentPostprocessing = 0;
		};
/* End PBXResourcesBuildPhase section */

/* Begin PBXSourcesBuildPhase section */
		6423B4BE2533D56100B9EC0D /* Sources */ = {
			isa = PBXSourcesBuildPhase;
			buildActionMask = 2147483647;
			files = (
				6423B4DC2533D6F900B9EC0D /* PersonView.swift in Sources */,
				6423B4D62533D65300B9EC0D /* Person.swift in Sources */,
				6423B4C82533D56100B9EC0D /* ContentView.swift in Sources */,
				6423B4C62533D56100B9EC0D /* MVVMSwiftUIApp.swift in Sources */,
				6423B4D92533D67800B9EC0D /* PersonViewModel.swift in Sources */,
			);
			runOnlyForDeploymentPostprocessing = 0;
		};
/* End PBXSourcesBuildPhase section */

/* Begin XCBuildConfiguration section */
		6423B4CF2533D56500B9EC0D /* Debug */ = {
			isa = XCBuildConfiguration;
			buildSettings = {
				ALWAYS_SEARCH_USER_PATHS = NO;
				CLANG_ANALYZER_NONNULL = YES;
				CLANG_ANALYZER_NUMBER_OBJECT_CONVERSION = YES_AGGRESSIVE;
				CLANG_CXX_LANGUAGE_STANDARD = "gnu++14";
				CLANG_CXX_LIBRARY = "libc++";
				CLANG_ENABLE_MODULES = YES;
				CLANG_ENABLE_OBJC_ARC = YES;
				CLANG_ENABLE_OBJC_WEAK = YES;
				CLANG_WARN_BLOCK_CAPTURE_AUTORELEASING = YES;
				CLANG_WARN_BOOL_CONVERSION = YES;
				CLANG_WARN_COMMA = YES;
				CLANG_WARN_CONSTANT_CONVERSION = YES;
				CLANG_WARN_DEPRECATED_OBJC_IMPLEMENTATIONS = YES;
				CLANG_WARN_DIRECT_OBJC_ISA_USAGE = YES_ERROR;
				CLANG_WARN_DOCUMENTATION_COMMENTS = YES;
				CLANG_WARN_EMPTY_BODY = YES;
				CLANG_WARN_ENUM_CONVERSION = YES;
				CLANG_WARN_INFINITE_RECURSION = YES;
				CLANG_WARN_INT_CONVERSION = YES;
				CLANG_WARN_NON_LITERAL_NULL_CONVERSION = YES;
				CLANG_WARN_OBJC_IMPLICIT_RETAIN_SELF = YES;
				CLANG_WARN_OBJC_LITERAL_CONVERSION = YES;
				CLANG_WARN_OBJC_ROOT_CLASS = YES_ERROR;
				CLANG_WARN_QUOTED_INCLUDE_IN_FRAMEWORK_HEADER = YES;
				CLANG_WARN_RANGE_LOOP_ANALYSIS = YES;
				CLANG_WARN_STRICT_PROTOTYPES = YES;
				CLANG_WARN_SUSPICIOUS_MOVE = YES;
				CLANG_WARN_UNGUARDED_AVAILABILITY = YES_AGGRESSIVE;
				CLANG_WARN_UNREACHABLE_CODE = YES;
				CLANG_WARN__DUPLICATE_METHOD_MATCH = YES;
				COPY_PHASE_STRIP = NO;
				DEBUG_INFORMATION_FORMAT = dwarf;
				ENABLE_STRICT_OBJC_MSGSEND = YES;
				ENABLE_TESTABILITY = YES;
				GCC_C_LANGUAGE_STANDARD = gnu11;
				GCC_DYNAMIC_NO_PIC = NO;
				GCC_NO_COMMON_BLOCKS = YES;
				GCC_OPTIMIZATION_LEVEL = 0;
				GCC_PREPROCESSOR_DEFINITIONS = (
					"DEBUG=1",
					"$(inherited)",
				);
				GCC_WARN_64_TO_32_BIT_CONVERSION = YES;
				GCC_WARN_ABOUT_RETURN_TYPE = YES_ERROR;
				GCC_WARN_UNDECLARED_SELECTOR = YES;
				GCC_WARN_UNINITIALIZED_AUTOS = YES_AGGRESSIVE;
				GCC_WARN_UNUSED_FUNCTION = YES;
				GCC_WARN_UNUSED_VARIABLE = YES;
				IPHONEOS_DEPLOYMENT_TARGET = 14.0;
				MTL_ENABLE_DEBUG_INFO = INCLUDE_SOURCE;
				MTL_FAST_MATH = YES;
				ONLY_ACTIVE_ARCH = YES;
				SDKROOT = iphoneos;
				SWIFT_ACTIVE_COMPILATION_CONDITIONS = DEBUG;
				SWIFT_OPTIMIZATION_LEVEL = "-Onone";
			};
			name = Debug;
		};
		6423B4D02533D56500B9EC0D /* Release */ = {
			isa = XCBuildConfiguration;
			buildSettings = {
				ALWAYS_SEARCH_USER_PATHS = NO;
				CLANG_ANALYZER_NONNULL = YES;
				CLANG_ANALYZER_NUMBER_OBJECT_CONVERSION = YES_AGGRESSIVE;
				CLANG_CXX_LANGUAGE_STANDARD = "gnu++14";
				CLANG_CXX_LIBRARY = "libc++";
				CLANG_ENABLE_MODULES = YES;
				CLANG_ENABLE_OBJC_ARC = YES;
				CLANG_ENABLE_OBJC_WEAK = YES;
				CLANG_WARN_BLOCK_CAPTURE_AUTORELEASING = YES;
				CLANG_WARN_BOOL_CONVERSION = YES;
				CLANG_WARN_COMMA = YES;
				CLANG_WARN_CONSTANT_CONVERSION = YES;
				CLANG_WARN_DEPRECATED_OBJC_IMPLEMENTATIONS = YES;
				CLANG_WARN_DIRECT_OBJC_ISA_USAGE = YES_ERROR;
				CLANG_WARN_DOCUMENTATION_COMMENTS = YES;
				CLANG_WARN_EMPTY_BODY = YES;
				CLANG_WARN_ENUM_CONVERSION = YES;
				CLANG_WARN_INFINITE_RECURSION = YES;
				CLANG_WARN_INT_CONVERSION = YES;
				CLANG_WARN_NON_LITERAL_NULL_CONVERSION = YES;
				CLANG_WARN_OBJC_IMPLICIT_RETAIN_SELF = YES;
				CLANG_WARN_OBJC_LITERAL_CONVERSION = YES;
				CLANG_WARN_OBJC_ROOT_CLASS = YES_ERROR;
				CLANG_WARN_QUOTED_INCLUDE_IN_FRAMEWORK_HEADER = YES;
				CLANG_WARN_RANGE_LOOP_ANALYSIS = YES;
				CLANG_WARN_STRICT_PROTOTYPES = YES;
				CLANG_WARN_SUSPICIOUS_MOVE = YES;
				CLANG_WARN_UNGUARDED_AVAILABILITY = YES_AGGRESSIVE;
				CLANG_WARN_UNREACHABLE_CODE = YES;
				CLANG_WARN__DUPLICATE_METHOD_MATCH = YES;
				COPY_PHASE_STRIP = NO;
				DEBUG_INFORMATION_FORMAT = "dwarf-with-dsym";
				ENABLE_NS_ASSERTIONS = NO;
				ENABLE_STRICT_OBJC_MSGSEND = YES;
				GCC_C_LANGUAGE_STANDARD = gnu11;
				GCC_NO_COMMON_BLOCKS = YES;
				GCC_WARN_64_TO_32_BIT_CONVERSION = YES;
				GCC_WARN_ABOUT_RETURN_TYPE = YES_ERROR;
				GCC_WARN_UNDECLARED_SELECTOR = YES;
				GCC_WARN_UNINITIALIZED_AUTOS = YES_AGGRESSIVE;
				GCC_WARN_UNUSED_FUNCTION = YES;
				GCC_WARN_UNUSED_VARIABLE = YES;
				IPHONEOS_DEPLOYMENT_TARGET = 14.0;
				MTL_ENABLE_DEBUG_INFO = NO;
				MTL_FAST_MATH = YES;
				SDKROOT = iphoneos;
				SWIFT_COMPILATION_MODE = wholemodule;
				SWIFT_OPTIMIZATION_LEVEL = "-O";
				VALIDATE_PRODUCT = YES;
			};
			name = Release;
		};
		6423B4D22533D56500B9EC0D /* Debug */ = {
			isa = XCBuildConfiguration;
			buildSettings = {
				ASSETCATALOG_COMPILER_APPICON_NAME = AppIcon;
				ASSETCATALOG_COMPILER_GLOBAL_ACCENT_COLOR_NAME = AccentColor;
				CODE_SIGN_STYLE = Automatic;
				DEVELOPMENT_ASSET_PATHS = "\"MVVMSwiftUI/Preview Content\"";
				ENABLE_PREVIEWS = YES;
				INFOPLIST_FILE = MVVMSwiftUI/Info.plist;
				IPHONEOS_DEPLOYMENT_TARGET = 14.0;
				LD_RUNPATH_SEARCH_PATHS = (
					"$(inherited)",
					"@executable_path/Frameworks",
				);
				PRODUCT_BUNDLE_IDENTIFIER = io.github.rphlfc.MVVMSwiftUI;
				PRODUCT_NAME = "$(TARGET_NAME)";
				SWIFT_VERSION = 5.0;
				TARGETED_DEVICE_FAMILY = "1,2";
			};
			name = Debug;
		};
		6423B4D32533D56500B9EC0D /* Release */ = {
			isa = XCBuildConfiguration;
			buildSettings = {
				ASSETCATALOG_COMPILER_APPICON_NAME = AppIcon;
				ASSETCATALOG_COMPILER_GLOBAL_ACCENT_COLOR_NAME = AccentColor;
				CODE_SIGN_STYLE = Automatic;
				DEVELOPMENT_ASSET_PATHS = "\"MVVMSwiftUI/Preview Content\"";
				ENABLE_PREVIEWS = YES;
				INFOPLIST_FILE = MVVMSwiftUI/Info.plist;
				IPHONEOS_DEPLOYMENT_TARGET = 14.0;
				LD_RUNPATH_SEARCH_PATHS = (
					"$(inherited)",
					"@executable_path/Frameworks",
				);
				PRODUCT_BUNDLE_IDENTIFIER = io.github.rphlfc.MVVMSwiftUI;
				PRODUCT_NAME = "$(TARGET_NAME)";
				SWIFT_VERSION = 5.0;
				TARGETED_DEVICE_FAMILY = "1,2";
			};
			name = Release;
		};
/* End XCBuildConfiguration section */

/* Begin XCConfigurationList section */
		6423B4BD2533D56100B9EC0D /* Build configuration list for PBXProject "MVVMSwiftUI" */ = {
			isa = XCConfigurationList;
			buildConfigurations = (
				6423B4CF2533D56500B9EC0D /* Debug */,
				6423B4D02533D56500B9EC0D /* Release */,
			);
			defaultConfigurationIsVisible = 0;
			defaultConfigurationName = Release;
		};
		6423B4D12533D56500B9EC0D /* Build configuration list for PBXNativeTarget "MVVMSwiftUI" */ = {
			isa = XCConfigurationList;
			buildConfigurations = (
				6423B4D22533D56500B9EC0D /* Debug */,
				6423B4D32533D56500B9EC0D /* Release */,
			);
			defaultConfigurationIsVisible = 0;
			defaultConfigurationName = Release;
		};
/* End XCConfigurationList section */
	};
	rootObject = 6423B4BA2533D56100B9EC0D /* Project object */;
}
